github.com/joho/godotenv v1.3.0 h1:Zjp+RcGpHhGlrMbJzXTrZZPrWj+1vfm90La1wgB6Bhc=
github.com/joho/godotenv v1.3.0/go.mod h1:7hK45KPybAkOC6peb+G5yklZfMxEjkZhHbwpqxOKXbg=
github.com/sethvargo/go-password v0.1.2 h1:fhBF4thiPVKEZ7R6+CX46GWJiPyCyXshbeqZ7lqEeYo=
github.com/sethvargo/go-password v0.1.2/go.mod h1:qKHfdSjT26DpHQWHWWR5+X4BI45jT31dg6j4RI2TEb0=
